
Microsoft Visual Studio Solution File, Format Version 12.00
# Visual Studio Version 17
VisualStudioVersion = 17.7.34009.444
MinimumVisualStudioVersion = 10.0.40219.1
Project("{FAE04EC0-301F-11D3-BF4B-00C04F79EFBC}") = "Partial3_CiroOssaDanielFelipe", "Partial3_CiroOssaDanielFelipe.csproj", "{A319724B-8690-4168-9E23-65F688BF228B}"
EndProject
Global
	GlobalSection(SolutionConfigurationPlatforms) = preSolution
		Debug|Any CPU = Debug|Any CPU
		Release|Any CPU = Release|Any CPU
	EndGlobalSection
	GlobalSection(ProjectConfigurationPlatforms) = postSolution
		{A319724B-8690-4168-9E23-65F688BF228B}.Debug|Any CPU.ActiveCfg = Debug|Any CPU
		{A319724B-8690-4168-9E23-65F688BF228B}.Debug|Any CPU.Build.0 = Debug|Any CPU
		{A319724B-8690-4168-9E23-65F688BF228B}.Release|Any CPU.ActiveCfg = Release|Any CPU
		{A319724B-8690-4168-9E23-65F688BF228B}.Release|Any CPU.Build.0 = Release|Any CPU
	EndGlobalSection
	GlobalSection(SolutionProperties) = preSolution
		HideSolutionNode = FALSE
	EndGlobalSection
	GlobalSection(ExtensibilityGlobals) = postSolution
		SolutionGuid = {496BABBA-AE56-4712-8E50-CB60CD69E869}
	EndGlobalSection
EndGlobal
